{
	"name": "@progfay/scrapbox-parser",
	"version": "10.0.0",
	"lockfileVersion": 3,
	"requires": true,
	"packages": {
		"": {
			"name": "@progfay/scrapbox-parser",
			"version": "10.0.0",
			"license": "MIT",
			"devDependencies": {
				"@biomejs/biome": "1.9.4",
				"@types/node": "22.15.27",
				"tsdown": "0.12.4",
				"typescript": "5.8.3"
			}
		},
		"node_modules/@babel/generator": {
			"version": "7.27.3",
			"resolved": "https://registry.npmjs.org/@babel/generator/-/generator-7.27.3.tgz",
			"integrity": "sha512-xnlJYj5zepml8NXtjkG0WquFUv8RskFqyFcVgTBp5k+NaA/8uw/K+OSVf8AMGw5e9HKP2ETd5xpK5MLZQD6b4Q==",
			"dev": true,
			"license": "MIT",
			"dependencies": {
				"@babel/parser": "^7.27.3",
				"@babel/types": "^7.27.3",
				"@jridgewell/gen-mapping": "^0.3.5",
				"@jridgewell/trace-mapping": "^0.3.25",
				"jsesc": "^3.0.2"
			},
			"engines": {
				"node": ">=6.9.0"
			}
		},
		"node_modules/@babel/helper-string-parser": {
			"version": "7.27.1",
			"resolved": "https://registry.npmjs.org/@babel/helper-string-parser/-/helper-string-parser-7.27.1.tgz",
			"integrity": "sha512-qMlSxKbpRlAridDExk92nSobyDdpPijUq2DW6oDnUqd0iOGxmQjyqhMIihI9+zv4LPyZdRje2cavWPbCbWm3eA==",
			"dev": true,
			"license": "MIT",
			"engines": {
				"node": ">=6.9.0"
			}
		},
		"node_modules/@babel/helper-validator-identifier": {
			"version": "7.27.1",
			"resolved": "https://registry.npmjs.org/@babel/helper-validator-identifier/-/helper-validator-identifier-7.27.1.tgz",
			"integrity": "sha512-D2hP9eA+Sqx1kBZgzxZh0y1trbuU+JoDkiEwqhQ36nodYqJwyEIhPSdMNd7lOm/4io72luTPWH20Yda0xOuUow==",
			"dev": true,
			"license": "MIT",
			"engines": {
				"node": ">=6.9.0"
			}
		},
		"node_modules/@babel/parser": {
			"version": "7.27.3",
			"resolved": "https://registry.npmjs.org/@babel/parser/-/parser-7.27.3.tgz",
			"integrity": "sha512-xyYxRj6+tLNDTWi0KCBcZ9V7yg3/lwL9DWh9Uwh/RIVlIfFidggcgxKX3GCXwCiswwcGRawBKbEg2LG/Y8eJhw==",
			"dev": true,
			"license": "MIT",
			"dependencies": {
				"@babel/types": "^7.27.3"
			},
			"bin": {
				"parser": "bin/babel-parser.js"
			},
			"engines": {
				"node": ">=6.0.0"
			}
		},
		"node_modules/@babel/types": {
			"version": "7.27.3",
			"resolved": "https://registry.npmjs.org/@babel/types/-/types-7.27.3.tgz",
			"integrity": "sha512-Y1GkI4ktrtvmawoSq+4FCVHNryea6uR+qUQy0AGxLSsjCX0nVmkYQMBLHDkXZuo5hGx7eYdnIaslsdBFm7zbUw==",
			"dev": true,
			"license": "MIT",
			"dependencies": {
				"@babel/helper-string-parser": "^7.27.1",
				"@babel/helper-validator-identifier": "^7.27.1"
			},
			"engines": {
				"node": ">=6.9.0"
			}
		},
		"node_modules/@biomejs/biome": {
			"version": "1.9.4",
			"resolved": "https://registry.npmjs.org/@biomejs/biome/-/biome-1.9.4.tgz",
			"integrity": "sha512-1rkd7G70+o9KkTn5KLmDYXihGoTaIGO9PIIN2ZB7UJxFrWw04CZHPYiMRjYsaDvVV7hP1dYNRLxSANLaBFGpog==",
			"dev": true,
			"hasInstallScript": true,
			"license": "MIT OR Apache-2.0",
			"bin": {
				"biome": "bin/biome"
			},
			"engines": {
				"node": ">=14.21.3"
			},
			"funding": {
				"type": "opencollective",
				"url": "https://opencollective.com/biome"
			},
			"optionalDependencies": {
				"@biomejs/cli-darwin-arm64": "1.9.4",
				"@biomejs/cli-darwin-x64": "1.9.4",
				"@biomejs/cli-linux-arm64": "1.9.4",
				"@biomejs/cli-linux-arm64-musl": "1.9.4",
				"@biomejs/cli-linux-x64": "1.9.4",
				"@biomejs/cli-linux-x64-musl": "1.9.4",
				"@biomejs/cli-win32-arm64": "1.9.4",
				"@biomejs/cli-win32-x64": "1.9.4"
			}
		},
		"node_modules/@biomejs/cli-darwin-arm64": {
			"version": "1.9.4",
			"resolved": "https://registry.npmjs.org/@biomejs/cli-darwin-arm64/-/cli-darwin-arm64-1.9.4.tgz",
			"integrity": "sha512-bFBsPWrNvkdKrNCYeAp+xo2HecOGPAy9WyNyB/jKnnedgzl4W4Hb9ZMzYNbf8dMCGmUdSavlYHiR01QaYR58cw==",
			"cpu": [
				"arm64"
			],
			"dev": true,
			"license": "MIT OR Apache-2.0",
			"optional": true,
			"os": [
				"darwin"
			],
			"engines": {
				"node": ">=14.21.3"
			}
		},
		"node_modules/@biomejs/cli-darwin-x64": {
			"version": "1.9.4",
			"resolved": "https://registry.npmjs.org/@biomejs/cli-darwin-x64/-/cli-darwin-x64-1.9.4.tgz",
			"integrity": "sha512-ngYBh/+bEedqkSevPVhLP4QfVPCpb+4BBe2p7Xs32dBgs7rh9nY2AIYUL6BgLw1JVXV8GlpKmb/hNiuIxfPfZg==",
			"cpu": [
				"x64"
			],
			"dev": true,
			"license": "MIT OR Apache-2.0",
			"optional": true,
			"os": [
				"darwin"
			],
			"engines": {
				"node": ">=14.21.3"
			}
		},
		"node_modules/@biomejs/cli-linux-arm64": {
			"version": "1.9.4",
			"resolved": "https://registry.npmjs.org/@biomejs/cli-linux-arm64/-/cli-linux-arm64-1.9.4.tgz",
			"integrity": "sha512-fJIW0+LYujdjUgJJuwesP4EjIBl/N/TcOX3IvIHJQNsAqvV2CHIogsmA94BPG6jZATS4Hi+xv4SkBBQSt1N4/g==",
			"cpu": [
				"arm64"
			],
			"dev": true,
			"license": "MIT OR Apache-2.0",
			"optional": true,
			"os": [
				"linux"
			],
			"engines": {
				"node": ">=14.21.3"
			}
		},
		"node_modules/@biomejs/cli-linux-arm64-musl": {
			"version": "1.9.4",
			"resolved": "https://registry.npmjs.org/@biomejs/cli-linux-arm64-musl/-/cli-linux-arm64-musl-1.9.4.tgz",
			"integrity": "sha512-v665Ct9WCRjGa8+kTr0CzApU0+XXtRgwmzIf1SeKSGAv+2scAlW6JR5PMFo6FzqqZ64Po79cKODKf3/AAmECqA==",
			"cpu": [
				"arm64"
			],
			"dev": true,
			"license": "MIT OR Apache-2.0",
			"optional": true,
			"os": [
				"linux"
			],
			"engines": {
				"node": ">=14.21.3"
			}
		},
		"node_modules/@biomejs/cli-linux-x64": {
			"version": "1.9.4",
			"resolved": "https://registry.npmjs.org/@biomejs/cli-linux-x64/-/cli-linux-x64-1.9.4.tgz",
			"integrity": "sha512-lRCJv/Vi3Vlwmbd6K+oQ0KhLHMAysN8lXoCI7XeHlxaajk06u7G+UsFSO01NAs5iYuWKmVZjmiOzJ0OJmGsMwg==",
			"cpu": [
				"x64"
			],
			"dev": true,
			"license": "MIT OR Apache-2.0",
			"optional": true,
			"os": [
				"linux"
			],
			"engines": {
				"node": ">=14.21.3"
			}
		},
		"node_modules/@biomejs/cli-linux-x64-musl": {
			"version": "1.9.4",
			"resolved": "https://registry.npmjs.org/@biomejs/cli-linux-x64-musl/-/cli-linux-x64-musl-1.9.4.tgz",
			"integrity": "sha512-gEhi/jSBhZ2m6wjV530Yy8+fNqG8PAinM3oV7CyO+6c3CEh16Eizm21uHVsyVBEB6RIM8JHIl6AGYCv6Q6Q9Tg==",
			"cpu": [
				"x64"
			],
			"dev": true,
			"license": "MIT OR Apache-2.0",
			"optional": true,
			"os": [
				"linux"
			],
			"engines": {
				"node": ">=14.21.3"
			}
		},
		"node_modules/@biomejs/cli-win32-arm64": {
			"version": "1.9.4",
			"resolved": "https://registry.npmjs.org/@biomejs/cli-win32-arm64/-/cli-win32-arm64-1.9.4.tgz",
			"integrity": "sha512-tlbhLk+WXZmgwoIKwHIHEBZUwxml7bRJgk0X2sPyNR3S93cdRq6XulAZRQJ17FYGGzWne0fgrXBKpl7l4M87Hg==",
			"cpu": [
				"arm64"
			],
			"dev": true,
			"license": "MIT OR Apache-2.0",
			"optional": true,
			"os": [
				"win32"
			],
			"engines": {
				"node": ">=14.21.3"
			}
		},
		"node_modules/@biomejs/cli-win32-x64": {
			"version": "1.9.4",
			"resolved": "https://registry.npmjs.org/@biomejs/cli-win32-x64/-/cli-win32-x64-1.9.4.tgz",
			"integrity": "sha512-8Y5wMhVIPaWe6jw2H+KlEm4wP/f7EW3810ZLmDlrEEy5KvBsb9ECEfu/kMWD484ijfQ8+nIi0giMgu9g1UAuuA==",
			"cpu": [
				"x64"
			],
			"dev": true,
			"license": "MIT OR Apache-2.0",
			"optional": true,
			"os": [
				"win32"
			],
			"engines": {
				"node": ">=14.21.3"
			}
		},
		"node_modules/@emnapi/core": {
			"version": "1.4.3",
			"resolved": "https://registry.npmjs.org/@emnapi/core/-/core-1.4.3.tgz",
			"integrity": "sha512-4m62DuCE07lw01soJwPiBGC0nAww0Q+RY70VZ+n49yDIO13yyinhbWCeNnaob0lakDtWQzSdtNWzJeOJt2ma+g==",
			"dev": true,
			"license": "MIT",
			"optional": true,
			"dependencies": {
				"@emnapi/wasi-threads": "1.0.2",
				"tslib": "^2.4.0"
			}
		},
		"node_modules/@emnapi/runtime": {
			"version": "1.4.3",
			"resolved": "https://registry.npmjs.org/@emnapi/runtime/-/runtime-1.4.3.tgz",
			"integrity": "sha512-pBPWdu6MLKROBX05wSNKcNb++m5Er+KQ9QkB+WVM+pW2Kx9hoSrVTnu3BdkI5eBLZoKu/J6mW/B6i6bJB2ytXQ==",
			"dev": true,
			"license": "MIT",
			"optional": true,
			"dependencies": {
				"tslib": "^2.4.0"
			}
		},
		"node_modules/@emnapi/wasi-threads": {
			"version": "1.0.2",
			"resolved": "https://registry.npmjs.org/@emnapi/wasi-threads/-/wasi-threads-1.0.2.tgz",
			"integrity": "sha512-5n3nTJblwRi8LlXkJ9eBzu+kZR8Yxcc7ubakyQTFzPMtIhFpUBRbsnc2Dv88IZDIbCDlBiWrknhB4Lsz7mg6BA==",
			"dev": true,
			"license": "MIT",
			"optional": true,
			"dependencies": {
				"tslib": "^2.4.0"
			}
		},
		"node_modules/@jridgewell/gen-mapping": {
			"version": "0.3.8",
			"resolved": "https://registry.npmjs.org/@jridgewell/gen-mapping/-/gen-mapping-0.3.8.tgz",
			"integrity": "sha512-imAbBGkb+ebQyxKgzv5Hu2nmROxoDOXHh80evxdoXNOrvAnVx7zimzc1Oo5h9RlfV4vPXaE2iM5pOFbvOCClWA==",
			"dev": true,
			"license": "MIT",
			"dependencies": {
				"@jridgewell/set-array": "^1.2.1",
				"@jridgewell/sourcemap-codec": "^1.4.10",
				"@jridgewell/trace-mapping": "^0.3.24"
			},
			"engines": {
				"node": ">=6.0.0"
			}
		},
		"node_modules/@jridgewell/resolve-uri": {
			"version": "3.1.2",
			"resolved": "https://registry.npmjs.org/@jridgewell/resolve-uri/-/resolve-uri-3.1.2.tgz",
			"integrity": "sha512-bRISgCIjP20/tbWSPWMEi54QVPRZExkuD9lJL+UIxUKtwVJA8wW1Trb1jMs1RFXo1CBTNZ/5hpC9QvmKWdopKw==",
			"dev": true,
			"license": "MIT",
			"engines": {
				"node": ">=6.0.0"
			}
		},
		"node_modules/@jridgewell/set-array": {
			"version": "1.2.1",
			"resolved": "https://registry.npmjs.org/@jridgewell/set-array/-/set-array-1.2.1.tgz",
			"integrity": "sha512-R8gLRTZeyp03ymzP/6Lil/28tGeGEzhx1q2k703KGWRAI1VdvPIXdG70VJc2pAMw3NA6JKL5hhFu1sJX0Mnn/A==",
			"dev": true,
			"license": "MIT",
			"engines": {
				"node": ">=6.0.0"
			}
		},
		"node_modules/@jridgewell/sourcemap-codec": {
			"version": "1.5.0",
			"resolved": "https://registry.npmjs.org/@jridgewell/sourcemap-codec/-/sourcemap-codec-1.5.0.tgz",
			"integrity": "sha512-gv3ZRaISU3fjPAgNsriBRqGWQL6quFx04YMPW/zD8XMLsU32mhCCbfbO6KZFLjvYpCZ8zyDEgqsgf+PwPaM7GQ==",
			"dev": true,
			"license": "MIT"
		},
		"node_modules/@jridgewell/trace-mapping": {
			"version": "0.3.25",
			"resolved": "https://registry.npmjs.org/@jridgewell/trace-mapping/-/trace-mapping-0.3.25.tgz",
			"integrity": "sha512-vNk6aEwybGtawWmy/PzwnGDOjCkLWSD2wqvjGGAgOAwCGWySYXfYoxt00IJkTF+8Lb57DwOb3Aa0o9CApepiYQ==",
			"dev": true,
			"license": "MIT",
			"dependencies": {
				"@jridgewell/resolve-uri": "^3.1.0",
				"@jridgewell/sourcemap-codec": "^1.4.14"
			}
		},
		"node_modules/@napi-rs/wasm-runtime": {
			"version": "0.2.10",
			"resolved": "https://registry.npmjs.org/@napi-rs/wasm-runtime/-/wasm-runtime-0.2.10.tgz",
			"integrity": "sha512-bCsCyeZEwVErsGmyPNSzwfwFn4OdxBj0mmv6hOFucB/k81Ojdu68RbZdxYsRQUPc9l6SU5F/cG+bXgWs3oUgsQ==",
			"dev": true,
			"license": "MIT",
			"optional": true,
			"dependencies": {
				"@emnapi/core": "^1.4.3",
				"@emnapi/runtime": "^1.4.3",
				"@tybys/wasm-util": "^0.9.0"
			}
		},
		"node_modules/@oxc-project/runtime": {
			"version": "0.71.0",
			"resolved": "https://registry.npmjs.org/@oxc-project/runtime/-/runtime-0.71.0.tgz",
			"integrity": "sha512-QwoF5WUXIGFQ+hSxWEib4U/aeLoiDN9JlP18MnBgx9LLPRDfn1iICtcow7Jgey6HLH4XFceWXQD5WBJ39dyJcw==",
			"dev": true,
			"license": "MIT",
			"peer": true,
			"engines": {
				"node": ">=6.9.0"
			}
		},
		"node_modules/@oxc-project/types": {
			"version": "0.71.0",
			"resolved": "https://registry.npmjs.org/@oxc-project/types/-/types-0.71.0.tgz",
			"integrity": "sha512-5CwQ4MI+P4MQbjLWXgNurA+igGwu/opNetIE13LBs9+V93R64MLvDKOOLZIXSzEfovU3Zef3q3GjPnMTgJTn2w==",
			"dev": true,
			"license": "MIT",
			"peer": true,
			"funding": {
				"url": "https://github.com/sponsors/Boshen"
			}
		},
		"node_modules/@quansync/fs": {
			"version": "0.1.3",
			"resolved": "https://registry.npmjs.org/@quansync/fs/-/fs-0.1.3.tgz",
			"integrity": "sha512-G0OnZbMWEs5LhDyqy2UL17vGhSVHkQIfVojMtEWVenvj0V5S84VBgy86kJIuNsGDp2p7sTKlpSIpBUWdC35OKg==",
			"dev": true,
			"license": "MIT",
			"dependencies": {
				"quansync": "^0.2.10"
			},
			"engines": {
				"node": ">=20.0.0"
			},
			"funding": {
				"url": "https://github.com/sponsors/sxzz"
			}
		},
		"node_modules/@rolldown/binding-darwin-arm64": {
			"version": "1.0.0-beta.9-commit.d91dfb5",
			"resolved": "https://registry.npmjs.org/@rolldown/binding-darwin-arm64/-/binding-darwin-arm64-1.0.0-beta.9-commit.d91dfb5.tgz",
			"integrity": "sha512-Mp0/gqiPdepHjjVm7e0yL1acWvI0rJVVFQEADSezvAjon9sjQ7CEg9JnXICD4B1YrPmN9qV/e7cQZCp87tTV4w==",
			"cpu": [
				"arm64"
			],
			"dev": true,
			"license": "MIT",
			"optional": true,
			"os": [
				"darwin"
			],
			"peer": true
		},
		"node_modules/@rolldown/binding-darwin-x64": {
			"version": "1.0.0-beta.9-commit.d91dfb5",
			"resolved": "https://registry.npmjs.org/@rolldown/binding-darwin-x64/-/binding-darwin-x64-1.0.0-beta.9-commit.d91dfb5.tgz",
			"integrity": "sha512-40re4rMNrsi57oavRzIOpRGmg3QRlW6Ea8Q3znaqgOuJuKVrrm2bIQInTfkZJG7a4/5YMX7T951d0+toGLTdCA==",
			"cpu": [
				"x64"
			],
			"dev": true,
			"license": "MIT",
			"optional": true,
			"os": [
				"darwin"
			],
			"peer": true
		},
		"node_modules/@rolldown/binding-freebsd-x64": {
			"version": "1.0.0-beta.9-commit.d91dfb5",
			"resolved": "https://registry.npmjs.org/@rolldown/binding-freebsd-x64/-/binding-freebsd-x64-1.0.0-beta.9-commit.d91dfb5.tgz",
			"integrity": "sha512-8BDM939bbMariZupiHp3OmP5N+LXPT4mULA0hZjDaq970PCxv4krZOSMG+HkWUUwmuQROtV+/00xw39EO0P+8g==",
			"cpu": [
				"x64"
			],
			"dev": true,
			"license": "MIT",
			"optional": true,
			"os": [
				"freebsd"
			],
			"peer": true
		},
		"node_modules/@rolldown/binding-linux-arm-gnueabihf": {
			"version": "1.0.0-beta.9-commit.d91dfb5",
			"resolved": "https://registry.npmjs.org/@rolldown/binding-linux-arm-gnueabihf/-/binding-linux-arm-gnueabihf-1.0.0-beta.9-commit.d91dfb5.tgz",
			"integrity": "sha512-sntsPaPgrECpBB/+2xrQzVUt0r493TMPI+4kWRMhvMsmrxOqH1Ep5lM0Wua/ZdbfZNwm1aVa5pcESQfNfM4Fhw==",
			"cpu": [
				"arm"
			],
			"dev": true,
			"license": "MIT",
			"optional": true,
			"os": [
				"linux"
			],
			"peer": true
		},
		"node_modules/@rolldown/binding-linux-arm64-gnu": {
			"version": "1.0.0-beta.9-commit.d91dfb5",
			"resolved": "https://registry.npmjs.org/@rolldown/binding-linux-arm64-gnu/-/binding-linux-arm64-gnu-1.0.0-beta.9-commit.d91dfb5.tgz",
			"integrity": "sha512-5clBW/I+er9F2uM1OFjJFWX86y7Lcy0M+NqsN4s3o07W+8467Zk8oQa4B45vdaXoNUF/yqIAgKkA/OEdQDxZqA==",
			"cpu": [
				"arm64"
			],
			"dev": true,
			"license": "MIT",
			"optional": true,
			"os": [
				"linux"
			],
			"peer": true
		},
		"node_modules/@rolldown/binding-linux-arm64-musl": {
			"version": "1.0.0-beta.9-commit.d91dfb5",
			"resolved": "https://registry.npmjs.org/@rolldown/binding-linux-arm64-musl/-/binding-linux-arm64-musl-1.0.0-beta.9-commit.d91dfb5.tgz",
			"integrity": "sha512-wv+rnAfQDk9p/CheX8/Kmqk2o1WaFa4xhWI9gOyDMk/ljvOX0u0ubeM8nI1Qfox7Tnh71eV5AjzSePXUhFOyOg==",
			"cpu": [
				"arm64"
			],
			"dev": true,
			"license": "MIT",
			"optional": true,
			"os": [
				"linux"
			],
			"peer": true
		},
		"node_modules/@rolldown/binding-linux-x64-gnu": {
			"version": "1.0.0-beta.9-commit.d91dfb5",
			"resolved": "https://registry.npmjs.org/@rolldown/binding-linux-x64-gnu/-/binding-linux-x64-gnu-1.0.0-beta.9-commit.d91dfb5.tgz",
			"integrity": "sha512-gxD0/xhU4Py47IH3bKZbWtvB99tMkUPGPJFRfSc5UB9Osoje0l0j1PPbxpUtXIELurYCqwLBKXIMTQGifox1BQ==",
			"cpu": [
				"x64"
			],
			"dev": true,
			"license": "MIT",
			"optional": true,
			"os": [
				"linux"
			],
			"peer": true
		},
		"node_modules/@rolldown/binding-linux-x64-musl": {
			"version": "1.0.0-beta.9-commit.d91dfb5",
			"resolved": "https://registry.npmjs.org/@rolldown/binding-linux-x64-musl/-/binding-linux-x64-musl-1.0.0-beta.9-commit.d91dfb5.tgz",
			"integrity": "sha512-HotuVe3XUjDwqqEMbm3o3IRkP9gdm8raY/btd/6KE3JGLF/cv4+3ff1l6nOhAZI8wulWDPEXPtE7v+HQEaTXnA==",
			"cpu": [
				"x64"
			],
			"dev": true,
			"license": "MIT",
			"optional": true,
			"os": [
				"linux"
			],
			"peer": true
		},
		"node_modules/@rolldown/binding-wasm32-wasi": {
			"version": "1.0.0-beta.9-commit.d91dfb5",
			"resolved": "https://registry.npmjs.org/@rolldown/binding-wasm32-wasi/-/binding-wasm32-wasi-1.0.0-beta.9-commit.d91dfb5.tgz",
			"integrity": "sha512-8Cx+ucbd8n2dIr21FqBh6rUvTVL0uTgEtKR7l+MUZ5BgY4dFh1e4mPVX8oqmoYwOxBiXrsD2JIOCz4AyKLKxWA==",
			"cpu": [
				"wasm32"
			],
			"dev": true,
			"license": "MIT",
			"optional": true,
			"peer": true,
			"dependencies": {
				"@napi-rs/wasm-runtime": "^0.2.4"
			},
			"engines": {
				"node": ">=14.21.3"
			}
		},
		"node_modules/@rolldown/binding-win32-arm64-msvc": {
			"version": "1.0.0-beta.9-commit.d91dfb5",
			"resolved": "https://registry.npmjs.org/@rolldown/binding-win32-arm64-msvc/-/binding-win32-arm64-msvc-1.0.0-beta.9-commit.d91dfb5.tgz",
			"integrity": "sha512-Vhq5vikrVDxAa75fxsyqj0c0Y/uti/TwshXI71Xb8IeUQJOBnmLUsn5dgYf5ljpYYkNa0z9BPAvUDIDMmyDi+w==",
			"cpu": [
				"arm64"
			],
			"dev": true,
			"license": "MIT",
			"optional": true,
			"os": [
				"win32"
			],
			"peer": true
		},
		"node_modules/@rolldown/binding-win32-ia32-msvc": {
			"version": "1.0.0-beta.9-commit.d91dfb5",
			"resolved": "https://registry.npmjs.org/@rolldown/binding-win32-ia32-msvc/-/binding-win32-ia32-msvc-1.0.0-beta.9-commit.d91dfb5.tgz",
			"integrity": "sha512-lN7RIg9Iugn08zP2aZN9y/MIdG8iOOCE93M1UrFlrxMTqPf8X+fDzmR/OKhTSd1A2pYNipZHjyTcb5H8kyQSow==",
			"cpu": [
				"ia32"
			],
			"dev": true,
			"license": "MIT",
			"optional": true,
			"os": [
				"win32"
			],
			"peer": true
		},
		"node_modules/@rolldown/binding-win32-x64-msvc": {
			"version": "1.0.0-beta.9-commit.d91dfb5",
			"resolved": "https://registry.npmjs.org/@rolldown/binding-win32-x64-msvc/-/binding-win32-x64-msvc-1.0.0-beta.9-commit.d91dfb5.tgz",
			"integrity": "sha512-7/7cLIn48Y+EpQ4CePvf8reFl63F15yPUlg4ZAhl+RXJIfydkdak1WD8Ir3AwAO+bJBXzrfNL+XQbxm0mcQZmw==",
			"cpu": [
				"x64"
			],
			"dev": true,
			"license": "MIT",
			"optional": true,
			"os": [
				"win32"
			],
			"peer": true
		},
		"node_modules/@rolldown/pluginutils": {
			"version": "1.0.0-beta.9-commit.d91dfb5",
			"resolved": "https://registry.npmjs.org/@rolldown/pluginutils/-/pluginutils-1.0.0-beta.9-commit.d91dfb5.tgz",
			"integrity": "sha512-8sExkWRK+zVybw3+2/kBkYBFeLnEUWz1fT7BLHplpzmtqkOfTbAQ9gkt4pzwGIIZmg4Qn5US5ACjUBenrhezwQ==",
			"dev": true,
			"license": "MIT",
			"peer": true
		},
		"node_modules/@tybys/wasm-util": {
			"version": "0.9.0",
			"resolved": "https://registry.npmjs.org/@tybys/wasm-util/-/wasm-util-0.9.0.tgz",
			"integrity": "sha512-6+7nlbMVX/PVDCwaIQ8nTOPveOcFLSt8GcXdx8hD0bt39uWxYT88uXzqTd4fTvqta7oeUJqudepapKNt2DYJFw==",
			"dev": true,
			"license": "MIT",
			"optional": true,
			"dependencies": {
				"tslib": "^2.4.0"
			}
		},
		"node_modules/@types/node": {
			"version": "22.15.27",
			"resolved": "https://registry.npmjs.org/@types/node/-/node-22.15.27.tgz",
			"integrity": "sha512-5fF+eu5mwihV2BeVtX5vijhdaZOfkQTATrePEaXTcKqI16LhJ7gi2/Vhd9OZM0UojcdmiOCVg5rrax+i1MdoQQ==",
			"dev": true,
			"license": "MIT",
			"dependencies": {
				"undici-types": "~6.21.0"
			}
		},
		"node_modules/ansis": {
			"version": "4.0.0",
			"resolved": "https://registry.npmjs.org/ansis/-/ansis-4.0.0.tgz",
			"integrity": "sha512-P8nrHI1EyW9OfBt1X7hMSwGN2vwRuqHSKJAT1gbLWZRzDa24oHjYwGHvEgHeBepupzk878yS/HBZ0NMPYtbolw==",
			"dev": true,
			"license": "ISC",
			"engines": {
				"node": ">=14"
			}
		},
		"node_modules/ast-kit": {
			"version": "2.0.0",
			"resolved": "https://registry.npmjs.org/ast-kit/-/ast-kit-2.0.0.tgz",
			"integrity": "sha512-P63jzlYNz96MF9mCcprU+a7I5/ZQ5QAn3y+mZcPWEcGV3CHF/GWnkFPj3oCrWLUjL47+PD9PNiCUdXxw0cWdsg==",
			"dev": true,
			"license": "MIT",
			"dependencies": {
				"@babel/parser": "^7.27.2",
				"pathe": "^2.0.3"
			},
			"engines": {
				"node": ">=20.18.0"
			},
			"funding": {
				"url": "https://github.com/sponsors/sxzz"
			}
		},
		"node_modules/birpc": {
			"version": "2.3.0",
			"resolved": "https://registry.npmjs.org/birpc/-/birpc-2.3.0.tgz",
			"integrity": "sha512-ijbtkn/F3Pvzb6jHypHRyve2QApOCZDR25D/VnkY2G/lBNcXCTsnsCxgY4k4PkVB7zfwzYbY3O9Lcqe3xufS5g==",
			"dev": true,
			"license": "MIT",
			"funding": {
				"url": "https://github.com/sponsors/antfu"
			}
		},
		"node_modules/cac": {
			"version": "6.7.14",
			"resolved": "https://registry.npmjs.org/cac/-/cac-6.7.14.tgz",
			"integrity": "sha512-b6Ilus+c3RrdDk+JhLKUAQfzzgLEPy6wcXqS7f/xe1EETvsDP6GORG7SFuOs6cID5YkqchW/LXZbX5bc8j7ZcQ==",
			"dev": true,
			"license": "MIT",
			"engines": {
				"node": ">=8"
			}
		},
		"node_modules/chokidar": {
			"version": "4.0.3",
			"resolved": "https://registry.npmjs.org/chokidar/-/chokidar-4.0.3.tgz",
			"integrity": "sha512-Qgzu8kfBvo+cA4962jnP1KkS6Dop5NS6g7R5LFYJr4b8Ub94PPQXUksCw9PvXoeXPRRddRNC5C1JQUR2SMGtnA==",
			"dev": true,
			"license": "MIT",
			"dependencies": {
				"readdirp": "^4.0.1"
			},
			"engines": {
				"node": ">= 14.16.0"
			},
			"funding": {
				"url": "https://paulmillr.com/funding/"
			}
		},
		"node_modules/debug": {
			"version": "4.4.1",
			"resolved": "https://registry.npmjs.org/debug/-/debug-4.4.1.tgz",
			"integrity": "sha512-KcKCqiftBJcZr++7ykoDIEwSa3XWowTfNPo92BYxjXiyYEVrUQh2aLyhxBCwww+heortUFxEJYcRzosstTEBYQ==",
			"dev": true,
			"license": "MIT",
			"dependencies": {
				"ms": "^2.1.3"
			},
			"engines": {
				"node": ">=6.0"
			},
			"peerDependenciesMeta": {
				"supports-color": {
					"optional": true
				}
			}
		},
		"node_modules/defu": {
			"version": "6.1.4",
			"resolved": "https://registry.npmjs.org/defu/-/defu-6.1.4.tgz",
			"integrity": "sha512-mEQCMmwJu317oSz8CwdIOdwf3xMif1ttiM8LTufzc3g6kR+9Pe236twL8j3IYT1F7GfRgGcW6MWxzZjLIkuHIg==",
			"dev": true,
			"license": "MIT"
		},
		"node_modules/diff": {
			"version": "8.0.2",
			"resolved": "https://registry.npmjs.org/diff/-/diff-8.0.2.tgz",
			"integrity": "sha512-sSuxWU5j5SR9QQji/o2qMvqRNYRDOcBTgsJ/DeCf4iSN4gW+gNMXM7wFIP+fdXZxoNiAnHUTGjCr+TSWXdRDKg==",
			"dev": true,
			"license": "BSD-3-Clause",
			"engines": {
				"node": ">=0.3.1"
			}
		},
		"node_modules/dts-resolver": {
			"version": "2.0.1",
			"resolved": "https://registry.npmjs.org/dts-resolver/-/dts-resolver-2.0.1.tgz",
			"integrity": "sha512-Pe2kqaQTNVxleYpt9Q9658fn6rEpoZbMbDpEBbcU6pnuGM3Q0IdM+Rv67kN6qcyp8Bv2Uv9NYy5Y1rG1LSgfoQ==",
			"dev": true,
			"license": "MIT",
			"engines": {
				"node": ">=20.18.0"
			},
			"funding": {
				"url": "https://github.com/sponsors/sxzz"
			},
			"peerDependencies": {
				"oxc-resolver": "^9.0.2"
			},
			"peerDependenciesMeta": {
				"oxc-resolver": {
					"optional": true
				}
			}
		},
		"node_modules/empathic": {
			"version": "1.1.0",
			"resolved": "https://registry.npmjs.org/empathic/-/empathic-1.1.0.tgz",
			"integrity": "sha512-rsPft6CK3eHtrlp9Y5ALBb+hfK+DWnA4WFebbazxjWyx8vSm3rZeoM3z9irsjcqO3PYRzlfv27XIB4tz2DV7RA==",
			"dev": true,
			"license": "MIT",
			"engines": {
				"node": ">=14"
			}
		},
		"node_modules/fdir": {
			"version": "6.4.4",
			"resolved": "https://registry.npmjs.org/fdir/-/fdir-6.4.4.tgz",
			"integrity": "sha512-1NZP+GK4GfuAv3PqKvxQRDMjdSRZjnkq7KfhlNrCNNlZ0ygQFpebfrnfnq/W7fpUnAv9aGWmY1zKx7FYL3gwhg==",
			"dev": true,
			"license": "MIT",
			"peerDependencies": {
				"picomatch": "^3 || ^4"
			},
			"peerDependenciesMeta": {
				"picomatch": {
					"optional": true
				}
			}
		},
		"node_modules/get-tsconfig": {
			"version": "4.10.1",
			"resolved": "https://registry.npmjs.org/get-tsconfig/-/get-tsconfig-4.10.1.tgz",
			"integrity": "sha512-auHyJ4AgMz7vgS8Hp3N6HXSmlMdUyhSUrfBF16w153rxtLIEOE+HGqaBppczZvnHLqQJfiHotCYpNhl0lUROFQ==",
			"dev": true,
			"license": "MIT",
			"dependencies": {
				"resolve-pkg-maps": "^1.0.0"
			},
			"funding": {
				"url": "https://github.com/privatenumber/get-tsconfig?sponsor=1"
			}
		},
		"node_modules/hookable": {
			"version": "5.5.3",
			"resolved": "https://registry.npmjs.org/hookable/-/hookable-5.5.3.tgz",
			"integrity": "sha512-Yc+BQe8SvoXH1643Qez1zqLRmbA5rCL+sSmk6TVos0LWVfNIB7PGncdlId77WzLGSIB5KaWgTaNTs2lNVEI6VQ==",
			"dev": true,
			"license": "MIT"
		},
		"node_modules/jiti": {
			"version": "2.4.2",
			"resolved": "https://registry.npmjs.org/jiti/-/jiti-2.4.2.tgz",
			"integrity": "sha512-rg9zJN+G4n2nfJl5MW3BMygZX56zKPNVEYYqq7adpmMh4Jn2QNEwhvQlFy6jPVdcod7txZtKHWnyZiA3a0zP7A==",
			"dev": true,
			"license": "MIT",
			"bin": {
				"jiti": "lib/jiti-cli.mjs"
			}
		},
		"node_modules/jsesc": {
			"version": "3.1.0",
			"resolved": "https://registry.npmjs.org/jsesc/-/jsesc-3.1.0.tgz",
			"integrity": "sha512-/sM3dO2FOzXjKQhJuo0Q173wf2KOo8t4I8vHy6lF9poUp7bKT0/NHE8fPX23PwfhnykfqnC2xRxOnVw5XuGIaA==",
			"dev": true,
			"license": "MIT",
			"bin": {
				"jsesc": "bin/jsesc"
			},
			"engines": {
				"node": ">=6"
			}
		},
		"node_modules/ms": {
			"version": "2.1.3",
			"resolved": "https://registry.npmjs.org/ms/-/ms-2.1.3.tgz",
			"integrity": "sha512-6FlzubTLZG3J2a/NVCAleEhjzq5oxgHyaCU9yYXvcLsvoVaHJq/s5xXI6/XXP6tz7R9xAOtHnSO/tXtF3WRTlA==",
			"dev": true,
			"license": "MIT"
		},
		"node_modules/pathe": {
			"version": "2.0.3",
			"resolved": "https://registry.npmjs.org/pathe/-/pathe-2.0.3.tgz",
			"integrity": "sha512-WUjGcAqP1gQacoQe+OBJsFA7Ld4DyXuUIjZ5cc75cLHvJ7dtNsTugphxIADwspS+AraAUePCKrSVtPLFj/F88w==",
			"dev": true,
			"license": "MIT"
		},
		"node_modules/picomatch": {
			"version": "4.0.2",
			"resolved": "https://registry.npmjs.org/picomatch/-/picomatch-4.0.2.tgz",
			"integrity": "sha512-M7BAV6Rlcy5u+m6oPhAPFgJTzAioX/6B0DxyvDlo9l8+T3nLKbrczg2WLUyzd45L8RqfUMyGPzekbMvX2Ldkwg==",
			"dev": true,
			"license": "MIT",
			"engines": {
				"node": ">=12"
			},
			"funding": {
				"url": "https://github.com/sponsors/jonschlinkert"
			}
		},
		"node_modules/quansync": {
			"version": "0.2.10",
			"resolved": "https://registry.npmjs.org/quansync/-/quansync-0.2.10.tgz",
			"integrity": "sha512-t41VRkMYbkHyCYmOvx/6URnN80H7k4X0lLdBMGsz+maAwrJQYB1djpV6vHrQIBE0WBSGqhtEHrK9U3DWWH8v7A==",
			"dev": true,
			"funding": [
				{
					"type": "individual",
					"url": "https://github.com/sponsors/antfu"
				},
				{
					"type": "individual",
					"url": "https://github.com/sponsors/sxzz"
				}
			],
			"license": "MIT"
		},
		"node_modules/readdirp": {
			"version": "4.1.2",
			"resolved": "https://registry.npmjs.org/readdirp/-/readdirp-4.1.2.tgz",
			"integrity": "sha512-GDhwkLfywWL2s6vEjyhri+eXmfH6j1L7JE27WhqLeYzoh/A3DBaYGEj2H/HFZCn/kMfim73FXxEJTw06WtxQwg==",
			"dev": true,
			"license": "MIT",
			"engines": {
				"node": ">= 14.18.0"
			},
			"funding": {
				"type": "individual",
				"url": "https://paulmillr.com/funding/"
			}
		},
		"node_modules/resolve-pkg-maps": {
			"version": "1.0.0",
			"resolved": "https://registry.npmjs.org/resolve-pkg-maps/-/resolve-pkg-maps-1.0.0.tgz",
			"integrity": "sha512-seS2Tj26TBVOC2NIc2rOe2y2ZO7efxITtLZcGSOnHHNOQ7CkiUBfw0Iw2ck6xkIhPwLhKNLS8BO+hEpngQlqzw==",
			"dev": true,
			"license": "MIT",
			"funding": {
				"url": "https://github.com/privatenumber/resolve-pkg-maps?sponsor=1"
			}
		},
		"node_modules/rolldown": {
			"version": "1.0.0-beta.9-commit.d91dfb5",
			"resolved": "https://registry.npmjs.org/rolldown/-/rolldown-1.0.0-beta.9-commit.d91dfb5.tgz",
			"integrity": "sha512-FHkj6gGEiEgmAXQchglofvUUdwj2Oiw603Rs+zgFAnn9Cb7T7z3fiaEc0DbN3ja4wYkW6sF2rzMEtC1V4BGx/g==",
			"dev": true,
			"license": "MIT",
			"peer": true,
			"dependencies": {
				"@oxc-project/runtime": "0.71.0",
				"@oxc-project/types": "0.71.0",
				"@rolldown/pluginutils": "1.0.0-beta.9-commit.d91dfb5",
				"ansis": "^4.0.0"
			},
			"bin": {
				"rolldown": "bin/cli.mjs"
			},
			"optionalDependencies": {
				"@rolldown/binding-darwin-arm64": "1.0.0-beta.9-commit.d91dfb5",
				"@rolldown/binding-darwin-x64": "1.0.0-beta.9-commit.d91dfb5",
				"@rolldown/binding-freebsd-x64": "1.0.0-beta.9-commit.d91dfb5",
				"@rolldown/binding-linux-arm-gnueabihf": "1.0.0-beta.9-commit.d91dfb5",
				"@rolldown/binding-linux-arm64-gnu": "1.0.0-beta.9-commit.d91dfb5",
				"@rolldown/binding-linux-arm64-musl": "1.0.0-beta.9-commit.d91dfb5",
				"@rolldown/binding-linux-x64-gnu": "1.0.0-beta.9-commit.d91dfb5",
				"@rolldown/binding-linux-x64-musl": "1.0.0-beta.9-commit.d91dfb5",
				"@rolldown/binding-wasm32-wasi": "1.0.0-beta.9-commit.d91dfb5",
				"@rolldown/binding-win32-arm64-msvc": "1.0.0-beta.9-commit.d91dfb5",
				"@rolldown/binding-win32-ia32-msvc": "1.0.0-beta.9-commit.d91dfb5",
				"@rolldown/binding-win32-x64-msvc": "1.0.0-beta.9-commit.d91dfb5"
			}
		},
		"node_modules/rolldown-plugin-dts": {
			"version": "0.13.6",
			"resolved": "https://registry.npmjs.org/rolldown-plugin-dts/-/rolldown-plugin-dts-0.13.6.tgz",
			"integrity": "sha512-eeiRAhGWK/v3hFFSWQ1FeE+tvRIIKxGH7uA/THMC1FD3HuTtltxx79+8TqAuD4msfgApJyB9k4Gu3YSWPwkTIQ==",
			"dev": true,
			"license": "MIT",
			"dependencies": {
				"@babel/generator": "^7.27.3",
				"@babel/parser": "^7.27.3",
				"@babel/types": "^7.27.3",
				"ast-kit": "^2.0.0",
				"birpc": "^2.3.0",
				"debug": "^4.4.1",
				"dts-resolver": "^2.0.1",
				"get-tsconfig": "^4.10.1"
			},
			"engines": {
				"node": ">=20.18.0"
			},
			"funding": {
				"url": "https://github.com/sponsors/sxzz"
			},
			"peerDependencies": {
				"rolldown": "^1.0.0-beta.9",
				"typescript": "^5.0.0",
				"vue-tsc": "~2.2.0"
			},
			"peerDependenciesMeta": {
				"typescript": {
					"optional": true
				},
				"vue-tsc": {
					"optional": true
				}
			}
		},
		"node_modules/semver": {
			"version": "7.7.2",
			"resolved": "https://registry.npmjs.org/semver/-/semver-7.7.2.tgz",
			"integrity": "sha512-RF0Fw+rO5AMf9MAyaRXI4AV0Ulj5lMHqVxxdSgiVbixSCXoEmmX/jk0CuJw4+3SqroYO9VoUh+HcuJivvtJemA==",
			"dev": true,
			"license": "ISC",
			"bin": {
				"semver": "bin/semver.js"
			},
			"engines": {
				"node": ">=10"
			}
		},
		"node_modules/tinyexec": {
			"version": "1.0.1",
			"resolved": "https://registry.npmjs.org/tinyexec/-/tinyexec-1.0.1.tgz",
			"integrity": "sha512-5uC6DDlmeqiOwCPmK9jMSdOuZTh8bU39Ys6yidB+UTt5hfZUPGAypSgFRiEp+jbi9qH40BLDvy85jIU88wKSqw==",
			"dev": true,
			"license": "MIT"
		},
		"node_modules/tinyglobby": {
			"version": "0.2.14",
			"resolved": "https://registry.npmjs.org/tinyglobby/-/tinyglobby-0.2.14.tgz",
			"integrity": "sha512-tX5e7OM1HnYr2+a2C/4V0htOcSQcoSTH9KgJnVvNm5zm/cyEWKJ7j7YutsH9CxMdtOkkLFy2AHrMci9IM8IPZQ==",
			"dev": true,
			"license": "MIT",
			"dependencies": {
				"fdir": "^6.4.4",
				"picomatch": "^4.0.2"
			},
			"engines": {
				"node": ">=12.0.0"
			},
			"funding": {
				"url": "https://github.com/sponsors/SuperchupuDev"
			}
		},
		"node_modules/tsdown": {
			"version": "0.12.4",
			"resolved": "https://registry.npmjs.org/tsdown/-/tsdown-0.12.4.tgz",
			"integrity": "sha512-Y8xvOFbSHKqkERdquneRC56UPhpivPNuWVP0mOz1g8WKlC/liKJPuMt0M88MMTk0GjUHA+fbaWMwaFjgM7/1gg==",
			"dev": true,
			"license": "MIT",
			"dependencies": {
				"ansis": "^4.0.0",
				"cac": "^6.7.14",
				"chokidar": "^4.0.3",
				"debug": "^4.4.1",
				"diff": "^8.0.2",
				"empathic": "^1.1.0",
				"hookable": "^5.5.3",
				"rolldown": "1.0.0-beta.9-commit.273d50e",
				"rolldown-plugin-dts": "^0.13.5",
				"semver": "^7.7.2",
				"tinyexec": "^1.0.1",
				"tinyglobby": "^0.2.14",
				"unconfig": "^7.3.2"
			},
			"bin": {
				"tsdown": "dist/run.js"
			},
			"engines": {
				"node": ">=18.0.0"
			},
			"funding": {
				"url": "https://github.com/sponsors/sxzz"
			},
			"peerDependencies": {
				"publint": "^0.3.0",
				"typescript": "^5.0.0",
				"unplugin-lightningcss": "^0.4.0",
				"unplugin-unused": "^0.5.0"
			},
			"peerDependenciesMeta": {
				"publint": {
					"optional": true
				},
				"typescript": {
					"optional": true
				},
				"unplugin-lightningcss": {
					"optional": true
				},
				"unplugin-unused": {
					"optional": true
				}
			}
		},
		"node_modules/tsdown/node_modules/@oxc-project/runtime": {
			"version": "0.72.0",
			"resolved": "https://registry.npmjs.org/@oxc-project/runtime/-/runtime-0.72.0.tgz",
			"integrity": "sha512-HSL4xYOb6/ntJqBFPmtTABdtk4tBbyTDuPi/I9VSmJcp9HVZSOdCDZxxeVXu0QeikjZyFbuNRUVugvoGfC3qFw==",
			"dev": true,
			"license": "MIT",
			"engines": {
				"node": ">=6.9.0"
			}
		},
		"node_modules/tsdown/node_modules/@oxc-project/types": {
			"version": "0.72.0",
			"resolved": "https://registry.npmjs.org/@oxc-project/types/-/types-0.72.0.tgz",
			"integrity": "sha512-XhWPzZC/v9K5GnvdNgqLOKeQiJn1gPMUoDWGiqQztOeI/DWCe5GbLliGb3/DUn3sNENlrQ+aw7YqMX7kCCliIg==",
			"dev": true,
			"license": "MIT",
			"funding": {
				"url": "https://github.com/sponsors/Boshen"
			}
		},
		"node_modules/tsdown/node_modules/@rolldown/binding-darwin-arm64": {
			"version": "1.0.0-beta.9-commit.273d50e",
			"resolved": "https://registry.npmjs.org/@rolldown/binding-darwin-arm64/-/binding-darwin-arm64-1.0.0-beta.9-commit.273d50e.tgz",
			"integrity": "sha512-sQF3XRmJbAzszUj6AJEeaWbiy849W/XgabPg3IbxYnL43JHlUPh4pDwwK+fAyjqfWk/3un+TdKXtVlkk4w0iog==",
			"cpu": [
				"arm64"
			],
			"dev": true,
			"license": "MIT",
			"optional": true,
			"os": [
				"darwin"
			]
		},
		"node_modules/tsdown/node_modules/@rolldown/binding-darwin-x64": {
			"version": "1.0.0-beta.9-commit.273d50e",
			"resolved": "https://registry.npmjs.org/@rolldown/binding-darwin-x64/-/binding-darwin-x64-1.0.0-beta.9-commit.273d50e.tgz",
			"integrity": "sha512-dwIqR+dMgVpv6nW+uKGBT40oarLeQuQZxVCJGXR/yLUOnEXEx2LofAoonTTB8E3uZ8bA1ZSMyiwsLkW5gysIeg==",
			"cpu": [
				"x64"
			],
			"dev": true,
			"license": "MIT",
			"optional": true,
			"os": [
				"darwin"
			]
		},
		"node_modules/tsdown/node_modules/@rolldown/binding-freebsd-x64": {
			"version": "1.0.0-beta.9-commit.273d50e",
			"resolved": "https://registry.npmjs.org/@rolldown/binding-freebsd-x64/-/binding-freebsd-x64-1.0.0-beta.9-commit.273d50e.tgz",
			"integrity": "sha512-aiXOyGeMW8/KeYfU0OiXZ6x2sDTG6hTCW30JsE3tN+sIv4sPPdl4d9t/RruvIn6VNSeMxC6enzfZU/MpNSNkhg==",
			"cpu": [
				"x64"
			],
			"dev": true,
			"license": "MIT",
			"optional": true,
			"os": [
				"freebsd"
			]
		},
		"node_modules/tsdown/node_modules/@rolldown/binding-linux-arm-gnueabihf": {
			"version": "1.0.0-beta.9-commit.273d50e",
			"resolved": "https://registry.npmjs.org/@rolldown/binding-linux-arm-gnueabihf/-/binding-linux-arm-gnueabihf-1.0.0-beta.9-commit.273d50e.tgz",
			"integrity": "sha512-WQ/HH1INKenEEZ58QvuNsT36z9egm6TzfRkVs8oRfSFPTkNQ6wo+VCkbXR3K/3+bnoNdnZf+8cGaPaF36+CZlw==",
			"cpu": [
				"arm"
			],
			"dev": true,
			"license": "MIT",
			"optional": true,
			"os": [
				"linux"
			]
		},
		"node_modules/tsdown/node_modules/@rolldown/binding-linux-arm64-gnu": {
			"version": "1.0.0-beta.9-commit.273d50e",
			"resolved": "https://registry.npmjs.org/@rolldown/binding-linux-arm64-gnu/-/binding-linux-arm64-gnu-1.0.0-beta.9-commit.273d50e.tgz",
			"integrity": "sha512-B3JWDQ/Ow1PUum07U2r5UTD7i7sB1g+gd9v+YxcHC8111p7RGogqqCmgQENwqFAARJsIYvhDTEhqIY//bMvdWA==",
			"cpu": [
				"arm64"
			],
			"dev": true,
			"license": "MIT",
			"optional": true,
			"os": [
				"linux"
			]
		},
		"node_modules/tsdown/node_modules/@rolldown/binding-linux-arm64-musl": {
			"version": "1.0.0-beta.9-commit.273d50e",
			"resolved": "https://registry.npmjs.org/@rolldown/binding-linux-arm64-musl/-/binding-linux-arm64-musl-1.0.0-beta.9-commit.273d50e.tgz",
			"integrity": "sha512-ka1go9nvCAXxafUmgz+gyVpBAH6aYCBEu+e1BrucncB7tjIDpS604tM1iyo/uoS0Yhqymln66xqnpWwbq02V+g==",
			"cpu": [
				"arm64"
			],
			"dev": true,
			"license": "MIT",
			"optional": true,
			"os": [
				"linux"
			]
		},
		"node_modules/tsdown/node_modules/@rolldown/binding-linux-x64-gnu": {
			"version": "1.0.0-beta.9-commit.273d50e",
			"resolved": "https://registry.npmjs.org/@rolldown/binding-linux-x64-gnu/-/binding-linux-x64-gnu-1.0.0-beta.9-commit.273d50e.tgz",
			"integrity": "sha512-ob8NUNYYz0P2YElSJLM7z54XUMT1Y0drlG2h8DAq6X6Fh7roCBr9Y++1KolsJTMaGYQLZVYDb2DRWx1GcA3ybQ==",
			"cpu": [
				"x64"
			],
			"dev": true,
			"license": "MIT",
			"optional": true,
			"os": [
				"linux"
			]
		},
		"node_modules/tsdown/node_modules/@rolldown/binding-linux-x64-musl": {
			"version": "1.0.0-beta.9-commit.273d50e",
			"resolved": "https://registry.npmjs.org/@rolldown/binding-linux-x64-musl/-/binding-linux-x64-musl-1.0.0-beta.9-commit.273d50e.tgz",
			"integrity": "sha512-SGvkMdthXE6CC81jitUKoynHxp9YCixTm8XOpJYzPpiJll2cv14oLUAM3P3uH0A1R9PITnNnpdejkeOj5y/j3g==",
			"cpu": [
				"x64"
			],
			"dev": true,
			"license": "MIT",
			"optional": true,
			"os": [
				"linux"
			]
		},
		"node_modules/tsdown/node_modules/@rolldown/binding-wasm32-wasi": {
			"version": "1.0.0-beta.9-commit.273d50e",
			"resolved": "https://registry.npmjs.org/@rolldown/binding-wasm32-wasi/-/binding-wasm32-wasi-1.0.0-beta.9-commit.273d50e.tgz",
			"integrity": "sha512-l4RES3Oer3MY4dK8jARtdF/29eRfzA9IKSzys4fZdBT6uJmi2An3JuHcdFUYwH0hCZyRtsjhqQia4lXpQO0oAw==",
			"cpu": [
				"wasm32"
			],
			"dev": true,
			"license": "MIT",
			"optional": true,
			"dependencies": {
				"@napi-rs/wasm-runtime": "^0.2.4"
			},
			"engines": {
				"node": ">=14.21.3"
			}
		},
		"node_modules/tsdown/node_modules/@rolldown/binding-win32-arm64-msvc": {
			"version": "1.0.0-beta.9-commit.273d50e",
			"resolved": "https://registry.npmjs.org/@rolldown/binding-win32-arm64-msvc/-/binding-win32-arm64-msvc-1.0.0-beta.9-commit.273d50e.tgz",
			"integrity": "sha512-67yVfBel18o+YESusr4K2rKpELHdg6ED5U0KAlZIY0HO/rWjahASbr63w9PC2fOUwEMA4yZXyOXWQw7Bl2rHPg==",
			"cpu": [
				"arm64"
			],
			"dev": true,
			"license": "MIT",
			"optional": true,
			"os": [
				"win32"
			]
		},
		"node_modules/tsdown/node_modules/@rolldown/binding-win32-ia32-msvc": {
			"version": "1.0.0-beta.9-commit.273d50e",
			"resolved": "https://registry.npmjs.org/@rolldown/binding-win32-ia32-msvc/-/binding-win32-ia32-msvc-1.0.0-beta.9-commit.273d50e.tgz",
			"integrity": "sha512-iFRrZFfBEyXl+WhygcvAiqRWymBjuIRRCDeV52L053A3CzpHc0fq4X9v6KF7E+tq5Q0fpQChS8IGk9InRxSLPg==",
			"cpu": [
				"ia32"
			],
			"dev": true,
			"license": "MIT",
			"optional": true,
			"os": [
				"win32"
			]
		},
		"node_modules/tsdown/node_modules/@rolldown/binding-win32-x64-msvc": {
			"version": "1.0.0-beta.9-commit.273d50e",
			"resolved": "https://registry.npmjs.org/@rolldown/binding-win32-x64-msvc/-/binding-win32-x64-msvc-1.0.0-beta.9-commit.273d50e.tgz",
			"integrity": "sha512-5I/kSOya+j/pgG3QzPhSL92/hFWE6qZ5XLgVamQEMxTUCs8BCXU6wtOrynJHgu23/Lh3fUCdtgo4BUN/KaFDkA==",
			"cpu": [
				"x64"
			],
			"dev": true,
			"license": "MIT",
			"optional": true,
			"os": [
				"win32"
			]
		},
		"node_modules/tsdown/node_modules/@rolldown/pluginutils": {
			"version": "1.0.0-beta.9-commit.273d50e",
			"resolved": "https://registry.npmjs.org/@rolldown/pluginutils/-/pluginutils-1.0.0-beta.9-commit.273d50e.tgz",
			"integrity": "sha512-QOH6dLsibrXA7KWzZcybmRdotggY+CsOeSzBi8IbEdsIn67lVOtdBsQAF7gIXsokrp6CQwOc00KfzPrLF6fW3w==",
			"dev": true,
			"license": "MIT"
		},
		"node_modules/tsdown/node_modules/rolldown": {
			"version": "1.0.0-beta.9-commit.273d50e",
			"resolved": "https://registry.npmjs.org/rolldown/-/rolldown-1.0.0-beta.9-commit.273d50e.tgz",
			"integrity": "sha512-pexCCTB9TOUdUJfMg6xGlLkIl32KE7/dNZTd4cZiHpU51hsn5lv8lpBmJLUCr5vPl4kmicrp4jZ5fojRKSSpGg==",
			"dev": true,
			"license": "MIT",
			"dependencies": {
				"@oxc-project/runtime": "0.72.0",
				"@oxc-project/types": "0.72.0",
				"@rolldown/pluginutils": "1.0.0-beta.9-commit.273d50e",
				"ansis": "^4.0.0"
			},
			"bin": {
				"rolldown": "bin/cli.mjs"
			},
			"optionalDependencies": {
				"@rolldown/binding-darwin-arm64": "1.0.0-beta.9-commit.273d50e",
				"@rolldown/binding-darwin-x64": "1.0.0-beta.9-commit.273d50e",
				"@rolldown/binding-freebsd-x64": "1.0.0-beta.9-commit.273d50e",
				"@rolldown/binding-linux-arm-gnueabihf": "1.0.0-beta.9-commit.273d50e",
				"@rolldown/binding-linux-arm64-gnu": "1.0.0-beta.9-commit.273d50e",
				"@rolldown/binding-linux-arm64-musl": "1.0.0-beta.9-commit.273d50e",
				"@rolldown/binding-linux-x64-gnu": "1.0.0-beta.9-commit.273d50e",
				"@rolldown/binding-linux-x64-musl": "1.0.0-beta.9-commit.273d50e",
				"@rolldown/binding-wasm32-wasi": "1.0.0-beta.9-commit.273d50e",
				"@rolldown/binding-win32-arm64-msvc": "1.0.0-beta.9-commit.273d50e",
				"@rolldown/binding-win32-ia32-msvc": "1.0.0-beta.9-commit.273d50e",
				"@rolldown/binding-win32-x64-msvc": "1.0.0-beta.9-commit.273d50e"
			}
		},
		"node_modules/tslib": {
			"version": "2.8.1",
			"resolved": "https://registry.npmjs.org/tslib/-/tslib-2.8.1.tgz",
			"integrity": "sha512-oJFu94HQb+KVduSUQL7wnpmqnfmLsOA/nAh6b6EH0wCEoK0/mPeXU6c3wKDV83MkOuHPRHtSXKKU99IBazS/2w==",
			"dev": true,
			"license": "0BSD",
			"optional": true
		},
		"node_modules/typescript": {
			"version": "5.8.3",
			"resolved": "https://registry.npmjs.org/typescript/-/typescript-5.8.3.tgz",
			"integrity": "sha512-p1diW6TqL9L07nNxvRMM7hMMw4c5XOo/1ibL4aAIGmSAt9slTE1Xgw5KWuof2uTOvCg9BY7ZRi+GaF+7sfgPeQ==",
			"dev": true,
			"license": "Apache-2.0",
			"bin": {
				"tsc": "bin/tsc",
				"tsserver": "bin/tsserver"
			},
			"engines": {
				"node": ">=14.17"
			}
		},
		"node_modules/unconfig": {
			"version": "7.3.2",
			"resolved": "https://registry.npmjs.org/unconfig/-/unconfig-7.3.2.tgz",
			"integrity": "sha512-nqG5NNL2wFVGZ0NA/aCFw0oJ2pxSf1lwg4Z5ill8wd7K4KX/rQbHlwbh+bjctXL5Ly1xtzHenHGOK0b+lG6JVg==",
			"dev": true,
			"license": "MIT",
			"dependencies": {
				"@quansync/fs": "^0.1.1",
				"defu": "^6.1.4",
				"jiti": "^2.4.2",
				"quansync": "^0.2.8"
			},
			"funding": {
				"url": "https://github.com/sponsors/antfu"
			}
		},
		"node_modules/undici-types": {
			"version": "6.21.0",
			"resolved": "https://registry.npmjs.org/undici-types/-/undici-types-6.21.0.tgz",
			"integrity": "sha512-iwDZqg0QAGrg9Rav5H4n0M64c3mkR59cJ6wQp+7C4nI0gsmExaedaYLNO44eT4AtBBwjbTiGPMlt2Md0T9H9JQ==",
			"dev": true,
			"license": "MIT"
		}
	}
}
